
Microsoft Visual Studio Solution File, Format Version 12.00
# Visual Studio Version 17
VisualStudioVersion = 17.5.002.0
MinimumVisualStudioVersion = 10.0.40219.1
Project("{9A19103F-16F7-4668-BE54-9A1E7A4F7556}") = "Library", "Library\Library.csproj", "{65080CA1-E998-473B-996E-C45F5105299D}"
EndProject
Project("{9A19103F-16F7-4668-BE54-9A1E7A4F7556}") = "Program", "Program\Program.csproj", "{8A61698D-B0FA-446E-A755-82B0762AA34B}"
EndProject
Global
	GlobalSection(SolutionConfigurationPlatforms) = preSolution
		Debug|Any CPU = Debug|Any CPU
		Release|Any CPU = Release|Any CPU
	EndGlobalSection
	GlobalSection(ProjectConfigurationPlatforms) = postSolution
		{65080CA1-E998-473B-996E-C45F5105299D}.Debug|Any CPU.ActiveCfg = Debug|Any CPU
		{65080CA1-E998-473B-996E-C45F5105299D}.Debug|Any CPU.Build.0 = Debug|Any CPU
		{65080CA1-E998-473B-996E-C45F5105299D}.Release|Any CPU.ActiveCfg = Release|Any CPU
		{65080CA1-E998-473B-996E-C45F5105299D}.Release|Any CPU.Build.0 = Release|Any CPU
		{8A61698D-B0FA-446E-A755-82B0762AA34B}.Debug|Any CPU.ActiveCfg = Debug|Any CPU
		{8A61698D-B0FA-446E-A755-82B0762AA34B}.Debug|Any CPU.Build.0 = Debug|Any CPU
		{8A61698D-B0FA-446E-A755-82B0762AA34B}.Release|Any CPU.ActiveCfg = Release|Any CPU
		{8A61698D-B0FA-446E-A755-82B0762AA34B}.Release|Any CPU.Build.0 = Release|Any CPU
	EndGlobalSection
	GlobalSection(SolutionProperties) = preSolution
		HideSolutionNode = FALSE
	EndGlobalSection
	GlobalSection(ExtensibilityGlobals) = postSolution
		SolutionGuid = {1232D7E7-A00F-4437-BF75-B0562FE2D25A}
	EndGlobalSection
EndGlobal
